<?xml version="1.0" encoding="utf-8"?>
<Project ToolsVersion="4.0" xmlns="http://schemas.microsoft.com/developer/msbuild/2003">
  <ItemGroup>
    <Filter Include="Source Files">
      <UniqueIdentifier>{4FC737F1-C7A5-4376-A066-2A32D752A2FF}</UniqueIdentifier>
      <Extensions>cpp;c;cc;cxx;def;odl;idl;hpj;bat;asm;asmx</Extensions>
    </Filter>
    <Filter Include="Header Files">
      <UniqueIdentifier>{93995380-89BD-4b04-88EB-625FBE52EBFB}</UniqueIdentifier>
      <Extensions>h;hh;hpp;hxx;hm;inl;inc;xsd</Extensions>
    </Filter>
    <Filter Include="Resource Files">
      <UniqueIdentifier>{67DA6AB6-F800-4c08-8B7A-83BB121AAD01}</UniqueIdentifier>
      <Extensions>rc;ico;cur;bmp;dlg;rc2;rct;bin;rgs;gif;jpg;jpeg;jpe;resx;tiff;tif;png;wav;mfcribbon-ms</Extensions>
    </Filter>
    <Filter Include="Source Files\SH">
      <UniqueIdentifier>{c21e7b5e-769d-486c-a749-a9be73074af7}</UniqueIdentifier>
    </Filter>
    <Filter Include="Resource Files\shaders">
      <UniqueIdentifier>{b91b7c08-5167-4510-8eaa-16939d204d46}</UniqueIdentifier>
    </Filter>
    <Filter Include="Header Files\Textures">
      <UniqueIdentifier>{7bf2b30b-9c3b-4b1d-9572-0b38ac8350b4}</UniqueIdentifier>
    </Filter>
    <Filter Include="Source Files\Textures">
      <UniqueIdentifier>{05247de5-e022-4c9d-8346-86703f2c35ed}</UniqueIdentifier>
    </Filter>
    <Filter Include="Header Files\SH">
      <UniqueIdentifier>{79004d5a-490c-4c9b-b63d-4310461d1689}</UniqueIdentifier>
    </Filter>
    <Filter Include="Header Files\PCH">
      <UniqueIdentifier>{68376f80-3b88-48e8-9eca-e54d46b2a8ba}</UniqueIdentifier>
    </Filter>
    <Filter Include="Header Files\Utils">
      <UniqueIdentifier>{e95a306a-71fc-4aa4-9a38-138087521681}</UniqueIdentifier>
    </Filter>
    <Filter Include="Source Files\Utils">
      <UniqueIdentifier>{87b9ca8a-40f2-4a7b-b7e4-d2d0238d878b}</UniqueIdentifier>
    </Filter>
    <Filter Include="Source Files\Entry">
      <UniqueIdentifier>{aa3c9762-8c59-4fc8-91be-4016f7efce55}</UniqueIdentifier>
    </Filter>
    <Filter Include="Header Files\Engine">
      <UniqueIdentifier>{0dc580d5-97fd-4df8-88a8-1181fb52f497}</UniqueIdentifier>
    </Filter>
    <Filter Include="Source Files\Engine">
      <UniqueIdentifier>{f68966bc-5adb-41e5-b82e-7d2163c664df}</UniqueIdentifier>
    </Filter>
    <Filter Include="Header Files\FrameBuffer">
      <UniqueIdentifier>{e67326d2-b92f-4f7f-8c55-595248ec1f6e}</UniqueIdentifier>
    </Filter>
    <Filter Include="Header Files\Geometry">
      <UniqueIdentifier>{8ad2ba01-9671-48e6-a1b8-efbf94354473}</UniqueIdentifier>
    </Filter>
    <Filter Include="Source Files\Geometry">
      <UniqueIdentifier>{7f801b85-f8d5-4aff-9a9e-343eef603810}</UniqueIdentifier>
    </Filter>
    <Filter Include="Header Files\Uniforms">
      <UniqueIdentifier>{aab86be6-05ea-4c79-82ab-465d1a732ff6}</UniqueIdentifier>
    </Filter>
    <Filter Include="Source Files\Uniforms">
      <UniqueIdentifier>{44630626-0861-4096-b358-58a7dd1ccf89}</UniqueIdentifier>
    </Filter>
    <Filter Include="Source Files\FrameBuffer">
      <UniqueIdentifier>{c65a8049-f13a-4d9d-90b9-209d6fd95355}</UniqueIdentifier>
    </Filter>
  </ItemGroup>
  <ItemGroup>
    <ClCompile Include="SHUtils.cpp">
      <Filter>Source Files\SH</Filter>
    </ClCompile>
    <ClCompile Include="Texture.cpp">
      <Filter>Source Files\Textures</Filter>
    </ClCompile>
    <ClCompile Include="DuUtils.cpp">
      <Filter>Source Files\Utils</Filter>
    </ClCompile>
    <ClCompile Include="DuConfig.cpp">
      <Filter>Source Files\Utils</Filter>
    </ClCompile>
    <ClCompile Include="DebugTimer.cpp">
      <Filter>Source Files\Utils</Filter>
    </ClCompile>
    <ClCompile Include="Camera.cpp">
      <Filter>Source Files\Utils</Filter>
    </ClCompile>
    <ClCompile Include="Window.cpp">
      <Filter>Source Files\Utils</Filter>
    </ClCompile>
    <ClCompile Include="Main.cpp">
      <Filter>Source Files\Entry</Filter>
    </ClCompile>
    <ClCompile Include="DuEngine.cpp">
      <Filter>Source Files\Engine</Filter>
    </ClCompile>
    <ClCompile Include="DuScene.cpp">
      <Filter>Source Files\Engine</Filter>
    </ClCompile>
    <ClCompile Include="ShaderToy.cpp">
      <Filter>Source Files\Engine</Filter>
    </ClCompile>
    <ClCompile Include="TextureMat.cpp">
      <Filter>Source Files\Textures</Filter>
    </ClCompile>
    <ClCompile Include="Textuer2D.cpp">
      <Filter>Source Files\Textures</Filter>
    </ClCompile>
    <ClCompile Include="Texture3D.cpp">
      <Filter>Source Files\Textures</Filter>
    </ClCompile>
    <ClCompile Include="TextureVideoFile.cpp">
      <Filter>Source Files\Textures</Filter>
    </ClCompile>
    <ClCompile Include="TextureVideoSequence.cpp">
      <Filter>Source Files\Textures</Filter>
    </ClCompile>
    <ClCompile Include="TextureVideo.cpp">
      <Filter>Source Files\Textures</Filter>
    </ClCompile>
    <ClCompile Include="TextureKeyboard.cpp">
      <Filter>Source Files\Textures</Filter>
    </ClCompile>
    <ClCompile Include="TextureSH.cpp">
      <Filter>Source Files\Textures</Filter>
    </ClCompile>
    <ClCompile Include="TextureFrameBuffer.cpp">
      <Filter>Source Files\Textures</Filter>
    </ClCompile>
    <ClCompile Include="TextureFont.cpp">
      <Filter>Source Files\Textures</Filter>
    </ClCompile>
    <ClCompile Include="TextureLightField.cpp">
      <Filter>Source Files\Textures</Filter>
    </ClCompile>
    <ClCompile Include="TextureVideoLightField.cpp">
      <Filter>Source Files\Textures</Filter>
    </ClCompile>
    <ClCompile Include="TexturesManager.cpp">
      <Filter>Source Files\Textures</Filter>
    </ClCompile>
    <ClCompile Include="ShaderToyGeometry.h">
      <Filter>Header Files\Geometry</Filter>
    </ClCompile>
    <ClCompile Include="ShaderToyGeommetry.cpp">
      <Filter>Source Files\Geometry</Filter>
    </ClCompile>
    <ClCompile Include="Geometry.cpp">
      <Filter>Source Files\Geometry</Filter>
    </ClCompile>
    <ClCompile Include="Uniforms.cpp">
      <Filter>Source Files\Uniforms</Filter>
    </ClCompile>
    <ClCompile Include="ShaderToyUniforms.cpp">
      <Filter>Source Files\Uniforms</Filter>
    </ClCompile>
    <ClCompile Include="ShaderToyFrameBuffer.cpp">
      <Filter>Source Files\FrameBuffer</Filter>
    </ClCompile>
    <ClCompile Include="FrameBuffer.cpp">
      <Filter>Source Files\FrameBuffer</Filter>
    </ClCompile>
    <ClCompile Include="ShaderToyScreenBuffer.cpp">
      <Filter>Source Files\FrameBuffer</Filter>
    </ClCompile>
    <ClCompile Include="ShaderProgram.cpp">
      <Filter>Source Files\Uniforms</Filter>
    </ClCompile>
  </ItemGroup>
  <ItemGroup>
    <ClInclude Include="Texture.h">
      <Filter>Header Files\Textures</Filter>
    </ClInclude>
    <ClInclude Include="SHUtils.h">
      <Filter>Header Files\SH</Filter>
    </ClInclude>
    <ClInclude Include="stdafx.h">
      <Filter>Header Files\PCH</Filter>
    </ClInclude>
    <ClInclude Include="DuConfig.h">
      <Filter>Header Files\Utils</Filter>
    </ClInclude>
    <ClInclude Include="DuUtils.h">
      <Filter>Header Files\Utils</Filter>
    </ClInclude>
    <ClInclude Include="DebugTimer.h">
      <Filter>Header Files\Utils</Filter>
    </ClInclude>
    <ClInclude Include="Camera.h">
      <Filter>Header Files\Utils</Filter>
    </ClInclude>
    <ClInclude Include="dirent.h">
      <Filter>Header Files\Utils</Filter>
    </ClInclude>
    <ClInclude Include="Window.h">
      <Filter>Header Files\Utils</Filter>
    </ClInclude>
    <ClInclude Include="DuEngine.h">
      <Filter>Header Files\Engine</Filter>
    </ClInclude>
    <ClInclude Include="ShaderToy.h">
      <Filter>Header Files\Engine</Filter>
    </ClInclude>
    <ClInclude Include="Texture2D.h">
      <Filter>Header Files\Textures</Filter>
    </ClInclude>
    <ClInclude Include="Texture3D.h">
      <Filter>Header Files\Textures</Filter>
    </ClInclude>
    <ClInclude Include="TextureKeyboard.h">
      <Filter>Header Files\Textures</Filter>
    </ClInclude>
    <ClInclude Include="TextureLightField.h">
      <Filter>Header Files\Textures</Filter>
    </ClInclude>
    <ClInclude Include="TextureMat.h">
      <Filter>Header Files\Textures</Filter>
    </ClInclude>
    <ClInclude Include="TextureSH.h">
      <Filter>Header Files\Textures</Filter>
    </ClInclude>
    <ClInclude Include="TextureVideo.h">
      <Filter>Header Files\Textures</Filter>
    </ClInclude>
    <ClInclude Include="TextureVideoFile.h">
      <Filter>Header Files\Textures</Filter>
    </ClInclude>
    <ClInclude Include="TextureVideoSequence.h">
      <Filter>Header Files\Textures</Filter>
    </ClInclude>
    <ClInclude Include="TextureVideoLightField.h">
      <Filter>Header Files\Textures</Filter>
    </ClInclude>
    <ClInclude Include="TextureFont.h">
      <Filter>Header Files\Textures</Filter>
    </ClInclude>
    <ClInclude Include="TextureFrameBuffer.h">
      <Filter>Header Files\Textures</Filter>
    </ClInclude>
    <ClInclude Include="TexturesManager.h">
      <Filter>Header Files\Textures</Filter>
    </ClInclude>
    <ClInclude Include="FrameBuffer.h">
      <Filter>Header Files\FrameBuffer</Filter>
    </ClInclude>
    <ClInclude Include="Geometry.h">
      <Filter>Header Files\Geometry</Filter>
    </ClInclude>
    <ClInclude Include="ShaderToyScreenBuffer.h">
      <Filter>Header Files\FrameBuffer</Filter>
    </ClInclude>
    <ClInclude Include="Uniforms.h">
      <Filter>Header Files\Uniforms</Filter>
    </ClInclude>
    <ClInclude Include="ShaderToyUniforms.h">
      <Filter>Header Files\Uniforms</Filter>
    </ClInclude>
    <ClInclude Include="ShaderProgram.h">
      <Filter>Header Files\Uniforms</Filter>
    </ClInclude>
    <ClInclude Include="HashVec2b.h">
      <Filter>Header Files\SH</Filter>
    </ClInclude>
    <ClInclude Include="ShaderToyFrameBuffer.h">
      <Filter>Header Files\FrameBuffer</Filter>
    </ClInclude>
  </ItemGroup>
  <ItemGroup>
    <Text Include="Backup.txt" />
    <Text Include="shadertoy.default.glsl">
      <Filter>Resource Files\shaders</Filter>
    </Text>
    <Text Include="shadertoy.main.glsl">
      <Filter>Resource Files\shaders</Filter>
    </Text>
    <Text Include="shadertoy.uniforms.glsl">
      <Filter>Resource Files\shaders</Filter>
    </Text>
    <Text Include="shadertoy.vert.glsl">
      <Filter>Resource Files\shaders</Filter>
    </Text>
  </ItemGroup>
</Project>